
Microsoft Visual Studio Solution File, Format Version 11.00
# Visual Studio 2010
Project("{FAE04EC0-301F-11D3-BF4B-00C04F79EFBC}") = "PlayerCenter", "PlayerCenter.csproj", "{DA9C5336-0D07-4E3D-875C-4733331E1965}"
EndProject
Project("{FAE04EC0-301F-11D3-BF4B-00C04F79EFBC}") = "GTIControls", "..\..\DLLs\GTIControls\GTIControls.csproj", "{A2B9C7C4-AE7E-48DC-B39C-C9442CF017F6}"
EndProject
Project("{FAE04EC0-301F-11D3-BF4B-00C04F79EFBC}") = "ManagedEliteModule", "..\..\DLLs\ManagedEliteModule\ManagedEliteModule.csproj", "{308EF933-6B4E-48B2-9C54-85318FE50C63}"
EndProject
Global
	GlobalSection(SolutionConfigurationPlatforms) = preSolution
		Debug|Any CPU = Debug|Any CPU
		Debug|Mixed Platforms = Debug|Mixed Platforms
		Debug|x86 = Debug|x86
		Release|Any CPU = Release|Any CPU
		Release|Mixed Platforms = Release|Mixed Platforms
		Release|x86 = Release|x86
	EndGlobalSection
	GlobalSection(ProjectConfigurationPlatforms) = postSolution
		{DA9C5336-0D07-4E3D-875C-4733331E1965}.Debug|Any CPU.ActiveCfg = Debug|Any CPU
		{DA9C5336-0D07-4E3D-875C-4733331E1965}.Debug|Any CPU.Build.0 = Debug|Any CPU
		{DA9C5336-0D07-4E3D-875C-4733331E1965}.Debug|Mixed Platforms.ActiveCfg = Debug|Any CPU
		{DA9C5336-0D07-4E3D-875C-4733331E1965}.Debug|Mixed Platforms.Build.0 = Debug|Any CPU
		{DA9C5336-0D07-4E3D-875C-4733331E1965}.Debug|x86.ActiveCfg = Debug|Any CPU
		{DA9C5336-0D07-4E3D-875C-4733331E1965}.Release|Any CPU.ActiveCfg = Release|Any CPU
		{DA9C5336-0D07-4E3D-875C-4733331E1965}.Release|Any CPU.Build.0 = Release|Any CPU
		{DA9C5336-0D07-4E3D-875C-4733331E1965}.Release|Mixed Platforms.ActiveCfg = Release|Any CPU
		{DA9C5336-0D07-4E3D-875C-4733331E1965}.Release|Mixed Platforms.Build.0 = Release|Any CPU
		{DA9C5336-0D07-4E3D-875C-4733331E1965}.Release|x86.ActiveCfg = Release|Any CPU
		{A2B9C7C4-AE7E-48DC-B39C-C9442CF017F6}.Debug|Any CPU.ActiveCfg = Debug|Any CPU
		{A2B9C7C4-AE7E-48DC-B39C-C9442CF017F6}.Debug|Any CPU.Build.0 = Debug|Any CPU
		{A2B9C7C4-AE7E-48DC-B39C-C9442CF017F6}.Debug|Mixed Platforms.ActiveCfg = Debug|Any CPU
		{A2B9C7C4-AE7E-48DC-B39C-C9442CF017F6}.Debug|Mixed Platforms.Build.0 = Debug|Any CPU
		{A2B9C7C4-AE7E-48DC-B39C-C9442CF017F6}.Debug|x86.ActiveCfg = Debug|Any CPU
		{A2B9C7C4-AE7E-48DC-B39C-C9442CF017F6}.Release|Any CPU.ActiveCfg = Release|Any CPU
		{A2B9C7C4-AE7E-48DC-B39C-C9442CF017F6}.Release|Any CPU.Build.0 = Release|Any CPU
		{A2B9C7C4-AE7E-48DC-B39C-C9442CF017F6}.Release|Mixed Platforms.ActiveCfg = Release|Any CPU
		{A2B9C7C4-AE7E-48DC-B39C-C9442CF017F6}.Release|Mixed Platforms.Build.0 = Release|Any CPU
		{A2B9C7C4-AE7E-48DC-B39C-C9442CF017F6}.Release|x86.ActiveCfg = Release|Any CPU
		{308EF933-6B4E-48B2-9C54-85318FE50C63}.Debug|Any CPU.ActiveCfg = Debug|Any CPU
		{308EF933-6B4E-48B2-9C54-85318FE50C63}.Debug|Any CPU.Build.0 = Debug|Any CPU
		{308EF933-6B4E-48B2-9C54-85318FE50C63}.Debug|Mixed Platforms.ActiveCfg = Debug|Any CPU
		{308EF933-6B4E-48B2-9C54-85318FE50C63}.Debug|Mixed Platforms.Build.0 = Debug|Any CPU
		{308EF933-6B4E-48B2-9C54-85318FE50C63}.Debug|x86.ActiveCfg = Debug|Any CPU
		{308EF933-6B4E-48B2-9C54-85318FE50C63}.Release|Any CPU.ActiveCfg = Release|Any CPU
		{308EF933-6B4E-48B2-9C54-85318FE50C63}.Release|Any CPU.Build.0 = Release|Any CPU
		{308EF933-6B4E-48B2-9C54-85318FE50C63}.Release|Mixed Platforms.ActiveCfg = Release|Any CPU
		{308EF933-6B4E-48B2-9C54-85318FE50C63}.Release|Mixed Platforms.Build.0 = Release|Any CPU
		{308EF933-6B4E-48B2-9C54-85318FE50C63}.Release|x86.ActiveCfg = Release|Any CPU
	EndGlobalSection
	GlobalSection(SolutionProperties) = preSolution
		HideSolutionNode = FALSE
	EndGlobalSection
	GlobalSection(SubversionScc) = preSolution
		Svn-Managed = True
		Manager = AnkhSVN - Subversion Support for Visual Studio
	EndGlobalSection
EndGlobal
